
Microsoft Visual Studio Solution File, Format Version 12.00
# Visual Studio Version 17
VisualStudioVersion = 17.3.32901.215
MinimumVisualStudioVersion = 10.0.40219.1
Project("{9A19103F-16F7-4668-BE54-9A1E7A4F7556}") = "WebApplication1200", "WebApplication1200\WebApplication1200.csproj", "{417425BD-B7F7-41FD-98EA-D68EB47A34BA}"
EndProject
Project("{E24C65DC-7377-472B-9ABA-BC803B73C61A}") = "WebApplication1200", ".", "{2E81EE27-A4C3-4650-A09F-C048E4C9837C}"
	ProjectSection(WebsiteProperties) = preProject
		TargetFrameworkMoniker = ".NETFramework,Version%3Dv4.8"
		Debug.AspNetCompiler.VirtualPath = "/localhost_65530"
		Debug.AspNetCompiler.PhysicalPath = "..\WebApplication1200\"
		Debug.AspNetCompiler.TargetPath = "PrecompiledWeb\localhost_65530\"
		Debug.AspNetCompiler.Updateable = "true"
		Debug.AspNetCompiler.ForceOverwrite = "true"
		Debug.AspNetCompiler.FixedNames = "false"
		Debug.AspNetCompiler.Debug = "True"
		Release.AspNetCompiler.VirtualPath = "/localhost_65530"
		Release.AspNetCompiler.PhysicalPath = "..\WebApplication1200\"
		Release.AspNetCompiler.TargetPath = "PrecompiledWeb\localhost_65530\"
		Release.AspNetCompiler.Updateable = "true"
		Release.AspNetCompiler.ForceOverwrite = "true"
		Release.AspNetCompiler.FixedNames = "false"
		Release.AspNetCompiler.Debug = "False"
		VWDPort = "65530"
	EndProjectSection
EndProject
Global
	GlobalSection(SolutionConfigurationPlatforms) = preSolution
		Debug|Any CPU = Debug|Any CPU
		Release|Any CPU = Release|Any CPU
	EndGlobalSection
	GlobalSection(ProjectConfigurationPlatforms) = postSolution
		{417425BD-B7F7-41FD-98EA-D68EB47A34BA}.Debug|Any CPU.ActiveCfg = Debug|Any CPU
		{417425BD-B7F7-41FD-98EA-D68EB47A34BA}.Debug|Any CPU.Build.0 = Debug|Any CPU
		{417425BD-B7F7-41FD-98EA-D68EB47A34BA}.Release|Any CPU.ActiveCfg = Release|Any CPU
		{417425BD-B7F7-41FD-98EA-D68EB47A34BA}.Release|Any CPU.Build.0 = Release|Any CPU
		{2E81EE27-A4C3-4650-A09F-C048E4C9837C}.Debug|Any CPU.ActiveCfg = Debug|Any CPU
		{2E81EE27-A4C3-4650-A09F-C048E4C9837C}.Debug|Any CPU.Build.0 = Debug|Any CPU
		{2E81EE27-A4C3-4650-A09F-C048E4C9837C}.Release|Any CPU.ActiveCfg = Debug|Any CPU
		{2E81EE27-A4C3-4650-A09F-C048E4C9837C}.Release|Any CPU.Build.0 = Debug|Any CPU
	EndGlobalSection
	GlobalSection(SolutionProperties) = preSolution
		HideSolutionNode = FALSE
	EndGlobalSection
	GlobalSection(ExtensibilityGlobals) = postSolution
		SolutionGuid = {357CFED4-16EE-4E66-A638-C3A746223BEE}
	EndGlobalSection
EndGlobal
